
Microsoft Visual Studio Solution File, Format Version 12.00
# Visual Studio Version 16
VisualStudioVersion = 16.0.29123.88
MinimumVisualStudioVersion = 10.0.40219.1
Project("{9A19103F-16F7-4668-BE54-9A1E7A4F7556}") = "Skork.Data", "API\Skork.Data\Skork.Data.csproj", "{A55B2C69-9ACA-4420-B706-D06230E8D140}"
EndProject
Project("{9A19103F-16F7-4668-BE54-9A1E7A4F7556}") = "Skork.Exceptions", "API\Skork.Exceptions\Skork.Exceptions.csproj", "{7B816724-A372-4BAF-BAA2-3D7E3EF8EC04}"
EndProject
Project("{9A19103F-16F7-4668-BE54-9A1E7A4F7556}") = "Skork.Language.Compile", "API\Skork.Language.Compile\Skork.Language.Compile.csproj", "{11DFEDAD-4E03-4AE8-A781-18D1AA1AC00F}"
EndProject
Project("{9A19103F-16F7-4668-BE54-9A1E7A4F7556}") = "Skork.Language.Configurations", "API\Skork.Language.Configurations\Skork.Language.Configurations.csproj", "{25C97C4C-1B5A-4336-8A02-816CA5DEC9E7}"
EndProject
Project("{9A19103F-16F7-4668-BE54-9A1E7A4F7556}") = "Skork.Language.Entities", "API\Skork.Language.Entities\Skork.Language.Entities.csproj", "{25C7DCFF-F49B-4AA1-BBA8-38D565F7C8DA}"
EndProject
Project("{9A19103F-16F7-4668-BE54-9A1E7A4F7556}") = "Skork.Language.Functions", "API\Skork.Language.Functions\Skork.Language.Functions.csproj", "{4D010D08-E2C7-4AC1-8BE5-0654B37D307B}"
EndProject
Project("{9A19103F-16F7-4668-BE54-9A1E7A4F7556}") = "Skork.Language.Parse", "API\Skork.Language.Parse\Skork.Language.Parse.csproj", "{74BA500D-6D57-43FE-85E8-24C058C1C8BF}"
EndProject
Project("{9A19103F-16F7-4668-BE54-9A1E7A4F7556}") = "Skork.Language.Runtime", "API\Skork.Language.Runtime\Skork.Language.Runtime.csproj", "{77A4F726-521A-4F14-A252-942F364FDE56}"
EndProject
Project("{9A19103F-16F7-4668-BE54-9A1E7A4F7556}") = "Skork.Language.Util", "API\Skork.Language.Util\Skork.Language.Util.csproj", "{4E4DADB3-A3AA-4A69-B7C2-FE7ED0A188A1}"
EndProject
Project("{9A19103F-16F7-4668-BE54-9A1E7A4F7556}") = "Skork.Logging", "API\Skork.Logging\Skork.Logging.csproj", "{8E31841D-79D9-487B-8FA1-8ECED7B8A1AC}"
EndProject
Project("{9A19103F-16F7-4668-BE54-9A1E7A4F7556}") = "Skork.Window.Draw", "API\Skork.Window.Draw\Skork.Window.Draw.csproj", "{0224E89F-61CA-4CB5-BF0F-F2AF448D39D1}"
EndProject
Project("{9A19103F-16F7-4668-BE54-9A1E7A4F7556}") = "Skork.Window.UI", "API\Skork.Window.UI\Skork.Window.UI.csproj", "{799E5C00-892E-48D6-883C-7E8C47093816}"
EndProject
Project("{9A19103F-16F7-4668-BE54-9A1E7A4F7556}") = "SkorkEngine", "API\SkorkEngine\SkorkEngine.csproj", "{C2601F3B-8F1C-4DF2-AECE-78A1D5849EF5}"
EndProject
Project("{9A19103F-16F7-4668-BE54-9A1E7A4F7556}") = "Skork.Data.Tests", "Tests\Skork.Data.Tests\Skork.Data.Tests.csproj", "{69B70A03-2E3F-4F56-95B3-DBFF6D997D75}"
EndProject
Project("{9A19103F-16F7-4668-BE54-9A1E7A4F7556}") = "Skork.Exceptions.Tests", "Tests\Skork.Exceptions.Tests\Skork.Exceptions.Tests.csproj", "{3DD57C3D-B64A-4D22-95CA-3AA14F737233}"
EndProject
Project("{9A19103F-16F7-4668-BE54-9A1E7A4F7556}") = "Skork.Language.Compile.Tests", "Tests\Skork.Language.Compile.Tests\Skork.Language.Compile.Tests.csproj", "{F641ED72-CBDB-453A-A8E4-18CD306551A8}"
EndProject
Project("{9A19103F-16F7-4668-BE54-9A1E7A4F7556}") = "Skork.Language.Configurations.Tests", "Tests\Skork.Language.Configurations.Tests\Skork.Language.Configurations.Tests.csproj", "{1632B217-CFD6-46F0-90F9-BF8315A06A2F}"
EndProject
Project("{9A19103F-16F7-4668-BE54-9A1E7A4F7556}") = "Skork.Language.Entities.Tests", "Tests\Skork.Language.Entities.Tests\Skork.Language.Entities.Tests.csproj", "{05AC6517-8156-4FAA-BEBA-B788D2931D60}"
EndProject
Project("{9A19103F-16F7-4668-BE54-9A1E7A4F7556}") = "Skork.Language.Functions.Tests", "Tests\Skork.Language.Functions.Tests\Skork.Language.Functions.Tests.csproj", "{FFD1BA4E-9081-4980-A09C-5E6E14CED1DD}"
EndProject
Project("{9A19103F-16F7-4668-BE54-9A1E7A4F7556}") = "Skork.Language.Parse.Tests", "Tests\Skork.Language.Parse.Tests\Skork.Language.Parse.Tests.csproj", "{AC4C8B9C-C0C4-48C4-A9A5-5CC802F25DBA}"
EndProject
Project("{9A19103F-16F7-4668-BE54-9A1E7A4F7556}") = "Skork.Language.Runtime.Tests", "Tests\Skork.Language.Runtime.Tests\Skork.Language.Runtime.Tests.csproj", "{5BFA68A9-50E9-4381-A7E2-81D447B1DFCE}"
EndProject
Project("{9A19103F-16F7-4668-BE54-9A1E7A4F7556}") = "Skork.Language.Util.Tests", "Tests\Skork.Language.Util.Tests\Skork.Language.Util.Tests.csproj", "{1E8D9748-F4B9-46D7-80B1-E7E6FB1B9F22}"
EndProject
Project("{9A19103F-16F7-4668-BE54-9A1E7A4F7556}") = "Skork.Logging.Tests", "Tests\Skork.Logging.Tests\Skork.Logging.Tests.csproj", "{ABF9EDF6-B66E-4001-B9A3-E04EFB46A1AA}"
EndProject
Project("{9A19103F-16F7-4668-BE54-9A1E7A4F7556}") = "Skork.Window.Draw.Tests", "Tests\Skork.Window.Draw.Tests\Skork.Window.Draw.Tests.csproj", "{DB79C044-3AB3-463E-A76C-DC6AF35D1300}"
EndProject
Project("{9A19103F-16F7-4668-BE54-9A1E7A4F7556}") = "Skork.Window.UI.Tests", "Tests\Skork.Window.UI.Tests\Skork.Window.UI.Tests.csproj", "{EE8BD818-6A12-49B2-A0A3-048B75797414}"
EndProject
Project("{9A19103F-16F7-4668-BE54-9A1E7A4F7556}") = "Skork.Domain", "API\Skork.Domain\Skork.Domain.csproj", "{7E57B9E7-A0C2-4B46-B97F-E7DB53F3D901}"
EndProject
Project("{9A19103F-16F7-4668-BE54-9A1E7A4F7556}") = "Skork.WPF", "API\Skork.WPF\Skork.WPF.csproj", "{F359DFB7-94B1-4063-BB6E-1FFD07078336}"
EndProject
Project("{9A19103F-16F7-4668-BE54-9A1E7A4F7556}") = "Skork.Language.Resources", "API\Skork.Language.Resources\Skork.Language.Resources.csproj", "{36E0B697-A9D6-4E8C-994F-02F134016068}"
EndProject
Global
	GlobalSection(SolutionConfigurationPlatforms) = preSolution
		Debug|Any CPU = Debug|Any CPU
		Release|Any CPU = Release|Any CPU
		SkorkCD|Any CPU = SkorkCD|Any CPU
		SkorkCI|Any CPU = SkorkCI|Any CPU
	EndGlobalSection
	GlobalSection(ProjectConfigurationPlatforms) = postSolution
		{A55B2C69-9ACA-4420-B706-D06230E8D140}.Debug|Any CPU.ActiveCfg = Debug|Any CPU
		{A55B2C69-9ACA-4420-B706-D06230E8D140}.Debug|Any CPU.Build.0 = Debug|Any CPU
		{A55B2C69-9ACA-4420-B706-D06230E8D140}.Release|Any CPU.ActiveCfg = Debug|Any CPU
		{A55B2C69-9ACA-4420-B706-D06230E8D140}.Release|Any CPU.Build.0 = Debug|Any CPU
		{A55B2C69-9ACA-4420-B706-D06230E8D140}.SkorkCD|Any CPU.ActiveCfg = SkorkCD|Any CPU
		{A55B2C69-9ACA-4420-B706-D06230E8D140}.SkorkCI|Any CPU.ActiveCfg = SkorkCI|Any CPU
		{7B816724-A372-4BAF-BAA2-3D7E3EF8EC04}.Debug|Any CPU.ActiveCfg = Debug|Any CPU
		{7B816724-A372-4BAF-BAA2-3D7E3EF8EC04}.Debug|Any CPU.Build.0 = Debug|Any CPU
		{7B816724-A372-4BAF-BAA2-3D7E3EF8EC04}.Release|Any CPU.ActiveCfg = Debug|Any CPU
		{7B816724-A372-4BAF-BAA2-3D7E3EF8EC04}.Release|Any CPU.Build.0 = Debug|Any CPU
		{7B816724-A372-4BAF-BAA2-3D7E3EF8EC04}.SkorkCD|Any CPU.ActiveCfg = SkorkCD|Any CPU
		{7B816724-A372-4BAF-BAA2-3D7E3EF8EC04}.SkorkCI|Any CPU.ActiveCfg = SkorkCI|Any CPU
		{11DFEDAD-4E03-4AE8-A781-18D1AA1AC00F}.Debug|Any CPU.ActiveCfg = Debug|Any CPU
		{11DFEDAD-4E03-4AE8-A781-18D1AA1AC00F}.Debug|Any CPU.Build.0 = Debug|Any CPU
		{11DFEDAD-4E03-4AE8-A781-18D1AA1AC00F}.Release|Any CPU.ActiveCfg = Release|Any CPU
		{11DFEDAD-4E03-4AE8-A781-18D1AA1AC00F}.Release|Any CPU.Build.0 = Release|Any CPU
		{11DFEDAD-4E03-4AE8-A781-18D1AA1AC00F}.SkorkCD|Any CPU.ActiveCfg = SkorkCD|Any CPU
		{11DFEDAD-4E03-4AE8-A781-18D1AA1AC00F}.SkorkCI|Any CPU.ActiveCfg = SkorkCI|Any CPU
		{25C97C4C-1B5A-4336-8A02-816CA5DEC9E7}.Debug|Any CPU.ActiveCfg = Debug|Any CPU
		{25C97C4C-1B5A-4336-8A02-816CA5DEC9E7}.Debug|Any CPU.Build.0 = Debug|Any CPU
		{25C97C4C-1B5A-4336-8A02-816CA5DEC9E7}.Release|Any CPU.ActiveCfg = Release|Any CPU
		{25C97C4C-1B5A-4336-8A02-816CA5DEC9E7}.Release|Any CPU.Build.0 = Release|Any CPU
		{25C97C4C-1B5A-4336-8A02-816CA5DEC9E7}.SkorkCD|Any CPU.ActiveCfg = SkorkCD|Any CPU
		{25C97C4C-1B5A-4336-8A02-816CA5DEC9E7}.SkorkCI|Any CPU.ActiveCfg = SkorkCI|Any CPU
		{25C7DCFF-F49B-4AA1-BBA8-38D565F7C8DA}.Debug|Any CPU.ActiveCfg = Debug|Any CPU
		{25C7DCFF-F49B-4AA1-BBA8-38D565F7C8DA}.Debug|Any CPU.Build.0 = Debug|Any CPU
		{25C7DCFF-F49B-4AA1-BBA8-38D565F7C8DA}.Release|Any CPU.ActiveCfg = Release|Any CPU
		{25C7DCFF-F49B-4AA1-BBA8-38D565F7C8DA}.Release|Any CPU.Build.0 = Release|Any CPU
		{25C7DCFF-F49B-4AA1-BBA8-38D565F7C8DA}.SkorkCD|Any CPU.ActiveCfg = SkorkCD|Any CPU
		{25C7DCFF-F49B-4AA1-BBA8-38D565F7C8DA}.SkorkCI|Any CPU.ActiveCfg = SkorkCI|Any CPU
		{4D010D08-E2C7-4AC1-8BE5-0654B37D307B}.Debug|Any CPU.ActiveCfg = Debug|Any CPU
		{4D010D08-E2C7-4AC1-8BE5-0654B37D307B}.Debug|Any CPU.Build.0 = Debug|Any CPU
		{4D010D08-E2C7-4AC1-8BE5-0654B37D307B}.Release|Any CPU.ActiveCfg = Release|Any CPU
		{4D010D08-E2C7-4AC1-8BE5-0654B37D307B}.Release|Any CPU.Build.0 = Release|Any CPU
		{4D010D08-E2C7-4AC1-8BE5-0654B37D307B}.SkorkCD|Any CPU.ActiveCfg = SkorkCD|Any CPU
		{4D010D08-E2C7-4AC1-8BE5-0654B37D307B}.SkorkCI|Any CPU.ActiveCfg = SkorkCI|Any CPU
		{74BA500D-6D57-43FE-85E8-24C058C1C8BF}.Debug|Any CPU.ActiveCfg = Debug|Any CPU
		{74BA500D-6D57-43FE-85E8-24C058C1C8BF}.Debug|Any CPU.Build.0 = Debug|Any CPU
		{74BA500D-6D57-43FE-85E8-24C058C1C8BF}.Release|Any CPU.ActiveCfg = Release|Any CPU
		{74BA500D-6D57-43FE-85E8-24C058C1C8BF}.Release|Any CPU.Build.0 = Release|Any CPU
		{74BA500D-6D57-43FE-85E8-24C058C1C8BF}.SkorkCD|Any CPU.ActiveCfg = SkorkCD|Any CPU
		{74BA500D-6D57-43FE-85E8-24C058C1C8BF}.SkorkCI|Any CPU.ActiveCfg = SkorkCI|Any CPU
		{77A4F726-521A-4F14-A252-942F364FDE56}.Debug|Any CPU.ActiveCfg = Debug|Any CPU
		{77A4F726-521A-4F14-A252-942F364FDE56}.Debug|Any CPU.Build.0 = Debug|Any CPU
		{77A4F726-521A-4F14-A252-942F364FDE56}.Release|Any CPU.ActiveCfg = Release|Any CPU
		{77A4F726-521A-4F14-A252-942F364FDE56}.Release|Any CPU.Build.0 = Release|Any CPU
		{77A4F726-521A-4F14-A252-942F364FDE56}.SkorkCD|Any CPU.ActiveCfg = SkorkCD|Any CPU
		{77A4F726-521A-4F14-A252-942F364FDE56}.SkorkCI|Any CPU.ActiveCfg = SkorkCI|Any CPU
		{4E4DADB3-A3AA-4A69-B7C2-FE7ED0A188A1}.Debug|Any CPU.ActiveCfg = Debug|Any CPU
		{4E4DADB3-A3AA-4A69-B7C2-FE7ED0A188A1}.Debug|Any CPU.Build.0 = Debug|Any CPU
		{4E4DADB3-A3AA-4A69-B7C2-FE7ED0A188A1}.Release|Any CPU.ActiveCfg = Release|Any CPU
		{4E4DADB3-A3AA-4A69-B7C2-FE7ED0A188A1}.Release|Any CPU.Build.0 = Release|Any CPU
		{4E4DADB3-A3AA-4A69-B7C2-FE7ED0A188A1}.SkorkCD|Any CPU.ActiveCfg = SkorkCD|Any CPU
		{4E4DADB3-A3AA-4A69-B7C2-FE7ED0A188A1}.SkorkCI|Any CPU.ActiveCfg = SkorkCI|Any CPU
		{8E31841D-79D9-487B-8FA1-8ECED7B8A1AC}.Debug|Any CPU.ActiveCfg = Debug|Any CPU
		{8E31841D-79D9-487B-8FA1-8ECED7B8A1AC}.Debug|Any CPU.Build.0 = Debug|Any CPU
		{8E31841D-79D9-487B-8FA1-8ECED7B8A1AC}.Release|Any CPU.ActiveCfg = Release|Any CPU
		{8E31841D-79D9-487B-8FA1-8ECED7B8A1AC}.Release|Any CPU.Build.0 = Release|Any CPU
		{8E31841D-79D9-487B-8FA1-8ECED7B8A1AC}.SkorkCD|Any CPU.ActiveCfg = SkorkCD|Any CPU
		{8E31841D-79D9-487B-8FA1-8ECED7B8A1AC}.SkorkCI|Any CPU.ActiveCfg = SkorkCI|Any CPU
		{0224E89F-61CA-4CB5-BF0F-F2AF448D39D1}.Debug|Any CPU.ActiveCfg = Debug|Any CPU
		{0224E89F-61CA-4CB5-BF0F-F2AF448D39D1}.Debug|Any CPU.Build.0 = Debug|Any CPU
		{0224E89F-61CA-4CB5-BF0F-F2AF448D39D1}.Release|Any CPU.ActiveCfg = Release|Any CPU
		{0224E89F-61CA-4CB5-BF0F-F2AF448D39D1}.Release|Any CPU.Build.0 = Release|Any CPU
		{0224E89F-61CA-4CB5-BF0F-F2AF448D39D1}.SkorkCD|Any CPU.ActiveCfg = SkorkCD|Any CPU
		{0224E89F-61CA-4CB5-BF0F-F2AF448D39D1}.SkorkCI|Any CPU.ActiveCfg = SkorkCI|Any CPU
		{799E5C00-892E-48D6-883C-7E8C47093816}.Debug|Any CPU.ActiveCfg = Debug|Any CPU
		{799E5C00-892E-48D6-883C-7E8C47093816}.Debug|Any CPU.Build.0 = Debug|Any CPU
		{799E5C00-892E-48D6-883C-7E8C47093816}.Release|Any CPU.ActiveCfg = Release|Any CPU
		{799E5C00-892E-48D6-883C-7E8C47093816}.Release|Any CPU.Build.0 = Release|Any CPU
		{799E5C00-892E-48D6-883C-7E8C47093816}.SkorkCD|Any CPU.ActiveCfg = SkorkCD|Any CPU
		{799E5C00-892E-48D6-883C-7E8C47093816}.SkorkCI|Any CPU.ActiveCfg = SkorkCI|Any CPU
		{C2601F3B-8F1C-4DF2-AECE-78A1D5849EF5}.Debug|Any CPU.ActiveCfg = Debug|Any CPU
		{C2601F3B-8F1C-4DF2-AECE-78A1D5849EF5}.Debug|Any CPU.Build.0 = Debug|Any CPU
		{C2601F3B-8F1C-4DF2-AECE-78A1D5849EF5}.Release|Any CPU.ActiveCfg = Release|Any CPU
		{C2601F3B-8F1C-4DF2-AECE-78A1D5849EF5}.Release|Any CPU.Build.0 = Release|Any CPU
		{C2601F3B-8F1C-4DF2-AECE-78A1D5849EF5}.SkorkCD|Any CPU.ActiveCfg = SkorkCD|Any CPU
		{C2601F3B-8F1C-4DF2-AECE-78A1D5849EF5}.SkorkCD|Any CPU.Build.0 = SkorkCD|Any CPU
		{C2601F3B-8F1C-4DF2-AECE-78A1D5849EF5}.SkorkCI|Any CPU.ActiveCfg = SkorkCI|Any CPU
		{C2601F3B-8F1C-4DF2-AECE-78A1D5849EF5}.SkorkCI|Any CPU.Build.0 = SkorkCI|Any CPU
		{69B70A03-2E3F-4F56-95B3-DBFF6D997D75}.Debug|Any CPU.ActiveCfg = Debug|Any CPU
		{69B70A03-2E3F-4F56-95B3-DBFF6D997D75}.Debug|Any CPU.Build.0 = Debug|Any CPU
		{69B70A03-2E3F-4F56-95B3-DBFF6D997D75}.Release|Any CPU.ActiveCfg = Debug|Any CPU
		{69B70A03-2E3F-4F56-95B3-DBFF6D997D75}.Release|Any CPU.Build.0 = Debug|Any CPU
		{69B70A03-2E3F-4F56-95B3-DBFF6D997D75}.SkorkCD|Any CPU.ActiveCfg = SkorkCD|Any CPU
		{69B70A03-2E3F-4F56-95B3-DBFF6D997D75}.SkorkCI|Any CPU.ActiveCfg = SkorkCI|Any CPU
		{3DD57C3D-B64A-4D22-95CA-3AA14F737233}.Debug|Any CPU.ActiveCfg = Debug|Any CPU
		{3DD57C3D-B64A-4D22-95CA-3AA14F737233}.Debug|Any CPU.Build.0 = Debug|Any CPU
		{3DD57C3D-B64A-4D22-95CA-3AA14F737233}.Release|Any CPU.ActiveCfg = Release|Any CPU
		{3DD57C3D-B64A-4D22-95CA-3AA14F737233}.Release|Any CPU.Build.0 = Release|Any CPU
		{3DD57C3D-B64A-4D22-95CA-3AA14F737233}.SkorkCD|Any CPU.ActiveCfg = SkorkCD|Any CPU
		{3DD57C3D-B64A-4D22-95CA-3AA14F737233}.SkorkCI|Any CPU.ActiveCfg = SkorkCI|Any CPU
		{F641ED72-CBDB-453A-A8E4-18CD306551A8}.Debug|Any CPU.ActiveCfg = Debug|Any CPU
		{F641ED72-CBDB-453A-A8E4-18CD306551A8}.Debug|Any CPU.Build.0 = Debug|Any CPU
		{F641ED72-CBDB-453A-A8E4-18CD306551A8}.Release|Any CPU.ActiveCfg = Release|Any CPU
		{F641ED72-CBDB-453A-A8E4-18CD306551A8}.Release|Any CPU.Build.0 = Release|Any CPU
		{F641ED72-CBDB-453A-A8E4-18CD306551A8}.SkorkCD|Any CPU.ActiveCfg = SkorkCD|Any CPU
		{F641ED72-CBDB-453A-A8E4-18CD306551A8}.SkorkCI|Any CPU.ActiveCfg = SkorkCI|Any CPU
		{1632B217-CFD6-46F0-90F9-BF8315A06A2F}.Debug|Any CPU.ActiveCfg = Debug|Any CPU
		{1632B217-CFD6-46F0-90F9-BF8315A06A2F}.Debug|Any CPU.Build.0 = Debug|Any CPU
		{1632B217-CFD6-46F0-90F9-BF8315A06A2F}.Release|Any CPU.ActiveCfg = Release|Any CPU
		{1632B217-CFD6-46F0-90F9-BF8315A06A2F}.Release|Any CPU.Build.0 = Release|Any CPU
		{1632B217-CFD6-46F0-90F9-BF8315A06A2F}.SkorkCD|Any CPU.ActiveCfg = SkorkCD|Any CPU
		{1632B217-CFD6-46F0-90F9-BF8315A06A2F}.SkorkCI|Any CPU.ActiveCfg = SkorkCI|Any CPU
		{05AC6517-8156-4FAA-BEBA-B788D2931D60}.Debug|Any CPU.ActiveCfg = Debug|Any CPU
		{05AC6517-8156-4FAA-BEBA-B788D2931D60}.Debug|Any CPU.Build.0 = Debug|Any CPU
		{05AC6517-8156-4FAA-BEBA-B788D2931D60}.Release|Any CPU.ActiveCfg = Release|Any CPU
		{05AC6517-8156-4FAA-BEBA-B788D2931D60}.Release|Any CPU.Build.0 = Release|Any CPU
		{05AC6517-8156-4FAA-BEBA-B788D2931D60}.SkorkCD|Any CPU.ActiveCfg = SkorkCD|Any CPU
		{05AC6517-8156-4FAA-BEBA-B788D2931D60}.SkorkCI|Any CPU.ActiveCfg = SkorkCI|Any CPU
		{FFD1BA4E-9081-4980-A09C-5E6E14CED1DD}.Debug|Any CPU.ActiveCfg = Debug|Any CPU
		{FFD1BA4E-9081-4980-A09C-5E6E14CED1DD}.Debug|Any CPU.Build.0 = Debug|Any CPU
		{FFD1BA4E-9081-4980-A09C-5E6E14CED1DD}.Release|Any CPU.ActiveCfg = Release|Any CPU
		{FFD1BA4E-9081-4980-A09C-5E6E14CED1DD}.Release|Any CPU.Build.0 = Release|Any CPU
		{FFD1BA4E-9081-4980-A09C-5E6E14CED1DD}.SkorkCD|Any CPU.ActiveCfg = SkorkCD|Any CPU
		{FFD1BA4E-9081-4980-A09C-5E6E14CED1DD}.SkorkCI|Any CPU.ActiveCfg = SkorkCI|Any CPU
		{AC4C8B9C-C0C4-48C4-A9A5-5CC802F25DBA}.Debug|Any CPU.ActiveCfg = Debug|Any CPU
		{AC4C8B9C-C0C4-48C4-A9A5-5CC802F25DBA}.Debug|Any CPU.Build.0 = Debug|Any CPU
		{AC4C8B9C-C0C4-48C4-A9A5-5CC802F25DBA}.Release|Any CPU.ActiveCfg = Release|Any CPU
		{AC4C8B9C-C0C4-48C4-A9A5-5CC802F25DBA}.Release|Any CPU.Build.0 = Release|Any CPU
		{AC4C8B9C-C0C4-48C4-A9A5-5CC802F25DBA}.SkorkCD|Any CPU.ActiveCfg = SkorkCD|Any CPU
		{AC4C8B9C-C0C4-48C4-A9A5-5CC802F25DBA}.SkorkCI|Any CPU.ActiveCfg = SkorkCI|Any CPU
		{5BFA68A9-50E9-4381-A7E2-81D447B1DFCE}.Debug|Any CPU.ActiveCfg = Debug|Any CPU
		{5BFA68A9-50E9-4381-A7E2-81D447B1DFCE}.Debug|Any CPU.Build.0 = Debug|Any CPU
		{5BFA68A9-50E9-4381-A7E2-81D447B1DFCE}.Release|Any CPU.ActiveCfg = Release|Any CPU
		{5BFA68A9-50E9-4381-A7E2-81D447B1DFCE}.Release|Any CPU.Build.0 = Release|Any CPU
		{5BFA68A9-50E9-4381-A7E2-81D447B1DFCE}.SkorkCD|Any CPU.ActiveCfg = SkorkCD|Any CPU
		{5BFA68A9-50E9-4381-A7E2-81D447B1DFCE}.SkorkCI|Any CPU.ActiveCfg = SkorkCI|Any CPU
		{1E8D9748-F4B9-46D7-80B1-E7E6FB1B9F22}.Debug|Any CPU.ActiveCfg = Debug|Any CPU
		{1E8D9748-F4B9-46D7-80B1-E7E6FB1B9F22}.Debug|Any CPU.Build.0 = Debug|Any CPU
		{1E8D9748-F4B9-46D7-80B1-E7E6FB1B9F22}.Release|Any CPU.ActiveCfg = Release|Any CPU
		{1E8D9748-F4B9-46D7-80B1-E7E6FB1B9F22}.Release|Any CPU.Build.0 = Release|Any CPU
		{1E8D9748-F4B9-46D7-80B1-E7E6FB1B9F22}.SkorkCD|Any CPU.ActiveCfg = SkorkCD|Any CPU
		{1E8D9748-F4B9-46D7-80B1-E7E6FB1B9F22}.SkorkCI|Any CPU.ActiveCfg = SkorkCI|Any CPU
		{ABF9EDF6-B66E-4001-B9A3-E04EFB46A1AA}.Debug|Any CPU.ActiveCfg = Debug|Any CPU
		{ABF9EDF6-B66E-4001-B9A3-E04EFB46A1AA}.Debug|Any CPU.Build.0 = Debug|Any CPU
		{ABF9EDF6-B66E-4001-B9A3-E04EFB46A1AA}.Release|Any CPU.ActiveCfg = Release|Any CPU
		{ABF9EDF6-B66E-4001-B9A3-E04EFB46A1AA}.Release|Any CPU.Build.0 = Release|Any CPU
		{ABF9EDF6-B66E-4001-B9A3-E04EFB46A1AA}.SkorkCD|Any CPU.ActiveCfg = SkorkCD|Any CPU
		{ABF9EDF6-B66E-4001-B9A3-E04EFB46A1AA}.SkorkCI|Any CPU.ActiveCfg = SkorkCI|Any CPU
		{DB79C044-3AB3-463E-A76C-DC6AF35D1300}.Debug|Any CPU.ActiveCfg = Debug|Any CPU
		{DB79C044-3AB3-463E-A76C-DC6AF35D1300}.Debug|Any CPU.Build.0 = Debug|Any CPU
		{DB79C044-3AB3-463E-A76C-DC6AF35D1300}.Release|Any CPU.ActiveCfg = Release|Any CPU
		{DB79C044-3AB3-463E-A76C-DC6AF35D1300}.Release|Any CPU.Build.0 = Release|Any CPU
		{DB79C044-3AB3-463E-A76C-DC6AF35D1300}.SkorkCD|Any CPU.ActiveCfg = SkorkCD|Any CPU
		{DB79C044-3AB3-463E-A76C-DC6AF35D1300}.SkorkCI|Any CPU.ActiveCfg = SkorkCI|Any CPU
		{EE8BD818-6A12-49B2-A0A3-048B75797414}.Debug|Any CPU.ActiveCfg = Debug|Any CPU
		{EE8BD818-6A12-49B2-A0A3-048B75797414}.Debug|Any CPU.Build.0 = Debug|Any CPU
		{EE8BD818-6A12-49B2-A0A3-048B75797414}.Release|Any CPU.ActiveCfg = Release|Any CPU
		{EE8BD818-6A12-49B2-A0A3-048B75797414}.Release|Any CPU.Build.0 = Release|Any CPU
		{EE8BD818-6A12-49B2-A0A3-048B75797414}.SkorkCD|Any CPU.ActiveCfg = SkorkCD|Any CPU
		{EE8BD818-6A12-49B2-A0A3-048B75797414}.SkorkCI|Any CPU.ActiveCfg = SkorkCI|Any CPU
		{7E57B9E7-A0C2-4B46-B97F-E7DB53F3D901}.Debug|Any CPU.ActiveCfg = Debug|Any CPU
		{7E57B9E7-A0C2-4B46-B97F-E7DB53F3D901}.Debug|Any CPU.Build.0 = Debug|Any CPU
		{7E57B9E7-A0C2-4B46-B97F-E7DB53F3D901}.Release|Any CPU.ActiveCfg = Debug|Any CPU
		{7E57B9E7-A0C2-4B46-B97F-E7DB53F3D901}.Release|Any CPU.Build.0 = Debug|Any CPU
		{7E57B9E7-A0C2-4B46-B97F-E7DB53F3D901}.SkorkCD|Any CPU.ActiveCfg = SkorkCD|Any CPU
		{7E57B9E7-A0C2-4B46-B97F-E7DB53F3D901}.SkorkCI|Any CPU.ActiveCfg = SkorkCI|Any CPU
		{F359DFB7-94B1-4063-BB6E-1FFD07078336}.Debug|Any CPU.ActiveCfg = Debug|Any CPU
		{F359DFB7-94B1-4063-BB6E-1FFD07078336}.Debug|Any CPU.Build.0 = Debug|Any CPU
		{F359DFB7-94B1-4063-BB6E-1FFD07078336}.Release|Any CPU.ActiveCfg = Release|Any CPU
		{F359DFB7-94B1-4063-BB6E-1FFD07078336}.Release|Any CPU.Build.0 = Release|Any CPU
		{F359DFB7-94B1-4063-BB6E-1FFD07078336}.SkorkCD|Any CPU.ActiveCfg = SkorkCD|Any CPU
		{F359DFB7-94B1-4063-BB6E-1FFD07078336}.SkorkCI|Any CPU.ActiveCfg = SkorkCI|Any CPU
		{36E0B697-A9D6-4E8C-994F-02F134016068}.Debug|Any CPU.ActiveCfg = Skork|Any CPU
		{36E0B697-A9D6-4E8C-994F-02F134016068}.Debug|Any CPU.Build.0 = Skork|Any CPU
		{36E0B697-A9D6-4E8C-994F-02F134016068}.Release|Any CPU.ActiveCfg = Skork|Any CPU
		{36E0B697-A9D6-4E8C-994F-02F134016068}.Release|Any CPU.Build.0 = Skork|Any CPU
		{36E0B697-A9D6-4E8C-994F-02F134016068}.SkorkCD|Any CPU.ActiveCfg = SkorkCD|Any CPU
		{36E0B697-A9D6-4E8C-994F-02F134016068}.SkorkCI|Any CPU.ActiveCfg = Skork|Any CPU
	EndGlobalSection
	GlobalSection(SolutionProperties) = preSolution
		HideSolutionNode = FALSE
	EndGlobalSection
	GlobalSection(ExtensibilityGlobals) = postSolution
		SolutionGuid = {32E81EFD-B65A-4983-9D5A-94A82B7E2B8B}
	EndGlobalSection
EndGlobal
