
Microsoft Visual Studio Solution File, Format Version 12.00
# Visual Studio Version 16
VisualStudioVersion = 16.0.29123.88
MinimumVisualStudioVersion = 10.0.40219.1
Project("{9A19103F-16F7-4668-BE54-9A1E7A4F7556}") = "Skork.Data", "API\Skork.Data\Skork.Data.csproj", "{A55B2C69-9ACA-4420-B706-D06230E8D140}"
EndProject
Project("{9A19103F-16F7-4668-BE54-9A1E7A4F7556}") = "Skork.Exceptions", "API\Skork.Exceptions\Skork.Exceptions.csproj", "{7B816724-A372-4BAF-BAA2-3D7E3EF8EC04}"
EndProject
Project("{9A19103F-16F7-4668-BE54-9A1E7A4F7556}") = "Skork.Language.Compile", "API\Skork.Language.Compile\Skork.Language.Compile.csproj", "{11DFEDAD-4E03-4AE8-A781-18D1AA1AC00F}"
EndProject
Project("{9A19103F-16F7-4668-BE54-9A1E7A4F7556}") = "Skork.Language.Configurations", "API\Skork.Language.Configurations\Skork.Language.Configurations.csproj", "{25C97C4C-1B5A-4336-8A02-816CA5DEC9E7}"
EndProject
Project("{9A19103F-16F7-4668-BE54-9A1E7A4F7556}") = "Skork.Language.Entities", "API\Skork.Language.Entities\Skork.Language.Entities.csproj", "{25C7DCFF-F49B-4AA1-BBA8-38D565F7C8DA}"
EndProject
Project("{9A19103F-16F7-4668-BE54-9A1E7A4F7556}") = "Skork.Language.Functions", "API\Skork.Language.Functions\Skork.Language.Functions.csproj", "{4D010D08-E2C7-4AC1-8BE5-0654B37D307B}"
EndProject
Project("{9A19103F-16F7-4668-BE54-9A1E7A4F7556}") = "Skork.Language.Parse", "API\Skork.Language.Parse\Skork.Language.Parse.csproj", "{74BA500D-6D57-43FE-85E8-24C058C1C8BF}"
EndProject
Project("{9A19103F-16F7-4668-BE54-9A1E7A4F7556}") = "Skork.Language.Runtime", "API\Skork.Language.Runtime\Skork.Language.Runtime.csproj", "{77A4F726-521A-4F14-A252-942F364FDE56}"
EndProject
Project("{9A19103F-16F7-4668-BE54-9A1E7A4F7556}") = "Skork.Language.Util", "API\Skork.Language.Util\Skork.Language.Util.csproj", "{4E4DADB3-A3AA-4A69-B7C2-FE7ED0A188A1}"
EndProject
Project("{9A19103F-16F7-4668-BE54-9A1E7A4F7556}") = "Skork.Logging", "API\Skork.Logging\Skork.Logging.csproj", "{8E31841D-79D9-487B-8FA1-8ECED7B8A1AC}"
EndProject
Project("{9A19103F-16F7-4668-BE54-9A1E7A4F7556}") = "Skork.Window.Draw", "API\Skork.Window.Draw\Skork.Window.Draw.csproj", "{0224E89F-61CA-4CB5-BF0F-F2AF448D39D1}"
EndProject
Project("{9A19103F-16F7-4668-BE54-9A1E7A4F7556}") = "Skork.Window.UI", "API\Skork.Window.UI\Skork.Window.UI.csproj", "{799E5C00-892E-48D6-883C-7E8C47093816}"
EndProject
Project("{9A19103F-16F7-4668-BE54-9A1E7A4F7556}") = "SkorkEngine", "API\SkorkEngine\SkorkEngine.csproj", "{C2601F3B-8F1C-4DF2-AECE-78A1D5849EF5}"
EndProject
Project("{FAE04EC0-301F-11D3-BF4B-00C04F79EFBC}") = "Skork.Domain", "Skork.Domain\Skork.Domain.csproj", "{0AE2820C-75C6-47BB-984E-2ED5FCCD370B}"
EndProject
Global
	GlobalSection(SolutionConfigurationPlatforms) = preSolution
		Debug|Any CPU = Debug|Any CPU
		Release|Any CPU = Release|Any CPU
	EndGlobalSection
	GlobalSection(ProjectConfigurationPlatforms) = postSolution
		{A55B2C69-9ACA-4420-B706-D06230E8D140}.Debug|Any CPU.ActiveCfg = Debug|Any CPU
		{A55B2C69-9ACA-4420-B706-D06230E8D140}.Debug|Any CPU.Build.0 = Debug|Any CPU
		{A55B2C69-9ACA-4420-B706-D06230E8D140}.Release|Any CPU.ActiveCfg = Release|Any CPU
		{A55B2C69-9ACA-4420-B706-D06230E8D140}.Release|Any CPU.Build.0 = Release|Any CPU
		{7B816724-A372-4BAF-BAA2-3D7E3EF8EC04}.Debug|Any CPU.ActiveCfg = Debug|Any CPU
		{7B816724-A372-4BAF-BAA2-3D7E3EF8EC04}.Debug|Any CPU.Build.0 = Debug|Any CPU
		{7B816724-A372-4BAF-BAA2-3D7E3EF8EC04}.Release|Any CPU.ActiveCfg = Release|Any CPU
		{7B816724-A372-4BAF-BAA2-3D7E3EF8EC04}.Release|Any CPU.Build.0 = Release|Any CPU
		{11DFEDAD-4E03-4AE8-A781-18D1AA1AC00F}.Debug|Any CPU.ActiveCfg = Debug|Any CPU
		{11DFEDAD-4E03-4AE8-A781-18D1AA1AC00F}.Debug|Any CPU.Build.0 = Debug|Any CPU
		{11DFEDAD-4E03-4AE8-A781-18D1AA1AC00F}.Release|Any CPU.ActiveCfg = Release|Any CPU
		{11DFEDAD-4E03-4AE8-A781-18D1AA1AC00F}.Release|Any CPU.Build.0 = Release|Any CPU
		{25C97C4C-1B5A-4336-8A02-816CA5DEC9E7}.Debug|Any CPU.ActiveCfg = Debug|Any CPU
		{25C97C4C-1B5A-4336-8A02-816CA5DEC9E7}.Debug|Any CPU.Build.0 = Debug|Any CPU
		{25C97C4C-1B5A-4336-8A02-816CA5DEC9E7}.Release|Any CPU.ActiveCfg = Release|Any CPU
		{25C97C4C-1B5A-4336-8A02-816CA5DEC9E7}.Release|Any CPU.Build.0 = Release|Any CPU
		{25C7DCFF-F49B-4AA1-BBA8-38D565F7C8DA}.Debug|Any CPU.ActiveCfg = Debug|Any CPU
		{25C7DCFF-F49B-4AA1-BBA8-38D565F7C8DA}.Debug|Any CPU.Build.0 = Debug|Any CPU
		{25C7DCFF-F49B-4AA1-BBA8-38D565F7C8DA}.Release|Any CPU.ActiveCfg = Release|Any CPU
		{25C7DCFF-F49B-4AA1-BBA8-38D565F7C8DA}.Release|Any CPU.Build.0 = Release|Any CPU
		{4D010D08-E2C7-4AC1-8BE5-0654B37D307B}.Debug|Any CPU.ActiveCfg = Debug|Any CPU
		{4D010D08-E2C7-4AC1-8BE5-0654B37D307B}.Debug|Any CPU.Build.0 = Debug|Any CPU
		{4D010D08-E2C7-4AC1-8BE5-0654B37D307B}.Release|Any CPU.ActiveCfg = Release|Any CPU
		{4D010D08-E2C7-4AC1-8BE5-0654B37D307B}.Release|Any CPU.Build.0 = Release|Any CPU
		{74BA500D-6D57-43FE-85E8-24C058C1C8BF}.Debug|Any CPU.ActiveCfg = Debug|Any CPU
		{74BA500D-6D57-43FE-85E8-24C058C1C8BF}.Debug|Any CPU.Build.0 = Debug|Any CPU
		{74BA500D-6D57-43FE-85E8-24C058C1C8BF}.Release|Any CPU.ActiveCfg = Release|Any CPU
		{74BA500D-6D57-43FE-85E8-24C058C1C8BF}.Release|Any CPU.Build.0 = Release|Any CPU
		{77A4F726-521A-4F14-A252-942F364FDE56}.Debug|Any CPU.ActiveCfg = Debug|Any CPU
		{77A4F726-521A-4F14-A252-942F364FDE56}.Debug|Any CPU.Build.0 = Debug|Any CPU
		{77A4F726-521A-4F14-A252-942F364FDE56}.Release|Any CPU.ActiveCfg = Release|Any CPU
		{77A4F726-521A-4F14-A252-942F364FDE56}.Release|Any CPU.Build.0 = Release|Any CPU
		{4E4DADB3-A3AA-4A69-B7C2-FE7ED0A188A1}.Debug|Any CPU.ActiveCfg = Debug|Any CPU
		{4E4DADB3-A3AA-4A69-B7C2-FE7ED0A188A1}.Debug|Any CPU.Build.0 = Debug|Any CPU
		{4E4DADB3-A3AA-4A69-B7C2-FE7ED0A188A1}.Release|Any CPU.ActiveCfg = Release|Any CPU
		{4E4DADB3-A3AA-4A69-B7C2-FE7ED0A188A1}.Release|Any CPU.Build.0 = Release|Any CPU
		{8E31841D-79D9-487B-8FA1-8ECED7B8A1AC}.Debug|Any CPU.ActiveCfg = Debug|Any CPU
		{8E31841D-79D9-487B-8FA1-8ECED7B8A1AC}.Debug|Any CPU.Build.0 = Debug|Any CPU
		{8E31841D-79D9-487B-8FA1-8ECED7B8A1AC}.Release|Any CPU.ActiveCfg = Release|Any CPU
		{8E31841D-79D9-487B-8FA1-8ECED7B8A1AC}.Release|Any CPU.Build.0 = Release|Any CPU
		{0224E89F-61CA-4CB5-BF0F-F2AF448D39D1}.Debug|Any CPU.ActiveCfg = Debug|Any CPU
		{0224E89F-61CA-4CB5-BF0F-F2AF448D39D1}.Debug|Any CPU.Build.0 = Debug|Any CPU
		{0224E89F-61CA-4CB5-BF0F-F2AF448D39D1}.Release|Any CPU.ActiveCfg = Release|Any CPU
		{0224E89F-61CA-4CB5-BF0F-F2AF448D39D1}.Release|Any CPU.Build.0 = Release|Any CPU
		{799E5C00-892E-48D6-883C-7E8C47093816}.Debug|Any CPU.ActiveCfg = Debug|Any CPU
		{799E5C00-892E-48D6-883C-7E8C47093816}.Debug|Any CPU.Build.0 = Debug|Any CPU
		{799E5C00-892E-48D6-883C-7E8C47093816}.Release|Any CPU.ActiveCfg = Release|Any CPU
		{799E5C00-892E-48D6-883C-7E8C47093816}.Release|Any CPU.Build.0 = Release|Any CPU
		{C2601F3B-8F1C-4DF2-AECE-78A1D5849EF5}.Debug|Any CPU.ActiveCfg = Debug|Any CPU
		{C2601F3B-8F1C-4DF2-AECE-78A1D5849EF5}.Debug|Any CPU.Build.0 = Debug|Any CPU
		{C2601F3B-8F1C-4DF2-AECE-78A1D5849EF5}.Release|Any CPU.ActiveCfg = Release|Any CPU
		{C2601F3B-8F1C-4DF2-AECE-78A1D5849EF5}.Release|Any CPU.Build.0 = Release|Any CPU
		{0AE2820C-75C6-47BB-984E-2ED5FCCD370B}.Debug|Any CPU.ActiveCfg = Debug|Any CPU
		{0AE2820C-75C6-47BB-984E-2ED5FCCD370B}.Debug|Any CPU.Build.0 = Debug|Any CPU
		{0AE2820C-75C6-47BB-984E-2ED5FCCD370B}.Release|Any CPU.ActiveCfg = Release|Any CPU
		{0AE2820C-75C6-47BB-984E-2ED5FCCD370B}.Release|Any CPU.Build.0 = Release|Any CPU
	EndGlobalSection
	GlobalSection(SolutionProperties) = preSolution
		HideSolutionNode = FALSE
	EndGlobalSection
	GlobalSection(ExtensibilityGlobals) = postSolution
		SolutionGuid = {32E81EFD-B65A-4983-9D5A-94A82B7E2B8B}
	EndGlobalSection
EndGlobal
