
Microsoft Visual Studio Solution File, Format Version 12.00
# Visual Studio Version 16
VisualStudioVersion = 16.0.29326.143
MinimumVisualStudioVersion = 10.0.40219.1
Project("{9A19103F-16F7-4668-BE54-9A1E7A4F7556}") = "Skork.Data.Tests", "Tests\Skork.Data.Tests\Skork.Data.Tests.csproj", "{F8DC1020-B6B1-4F06-A157-332B43C2847D}"
EndProject
Project("{9A19103F-16F7-4668-BE54-9A1E7A4F7556}") = "Skork.Exceptions.Tests", "Tests\Skork.Exceptions.Tests\Skork.Exceptions.Tests.csproj", "{DEB7D995-A6A4-453A-A5F0-36A46F423682}"
EndProject
Project("{9A19103F-16F7-4668-BE54-9A1E7A4F7556}") = "Skork.Language.Compile.Tests", "Tests\Skork.Language.Compile.Tests\Skork.Language.Compile.Tests.csproj", "{676A6CCC-B5F6-4A66-B7C1-427085CB1FE4}"
EndProject
Project("{9A19103F-16F7-4668-BE54-9A1E7A4F7556}") = "Skork.Language.Configurations.Tests", "Tests\Skork.Language.Configurations.Tests\Skork.Language.Configurations.Tests.csproj", "{B946BAF5-9683-46D4-9D06-AEA98A36EB9C}"
EndProject
Project("{9A19103F-16F7-4668-BE54-9A1E7A4F7556}") = "Skork.Language.Entities.Tests", "Tests\Skork.Language.Entities.Tests\Skork.Language.Entities.Tests.csproj", "{2FE052BA-2CF9-4BDD-A404-6AA181DE003B}"
EndProject
Project("{9A19103F-16F7-4668-BE54-9A1E7A4F7556}") = "Skork.Language.Functions.Tests", "Tests\Skork.Language.Functions.Tests\Skork.Language.Functions.Tests.csproj", "{2C6C6EB2-87DF-423B-9113-0FAFBBEC8553}"
EndProject
Project("{9A19103F-16F7-4668-BE54-9A1E7A4F7556}") = "Skork.Language.Parse.Tests", "Tests\Skork.Language.Parse.Tests\Skork.Language.Parse.Tests.csproj", "{68D78F35-CB68-40AA-9A01-35CFAF5734B0}"
EndProject
Project("{9A19103F-16F7-4668-BE54-9A1E7A4F7556}") = "Skork.Language.Runtime.Tests", "Tests\Skork.Language.Runtime.Tests\Skork.Language.Runtime.Tests.csproj", "{703BADB8-EA92-4031-90F0-553E8352CB27}"
EndProject
Project("{9A19103F-16F7-4668-BE54-9A1E7A4F7556}") = "Skork.Language.Util.Tests", "Tests\Skork.Language.Util.Tests\Skork.Language.Util.Tests.csproj", "{3A81A729-E67C-444B-8277-2B46CC4835CC}"
EndProject
Project("{9A19103F-16F7-4668-BE54-9A1E7A4F7556}") = "Skork.Logging.Tests", "Tests\Skork.Logging.Tests\Skork.Logging.Tests.csproj", "{49877F79-230C-4F27-9ED4-7A749BA0350F}"
EndProject
Project("{9A19103F-16F7-4668-BE54-9A1E7A4F7556}") = "Skork.Window.Draw.Tests", "Tests\Skork.Window.Draw.Tests\Skork.Window.Draw.Tests.csproj", "{B86686C6-E3DE-4A8B-880B-D31322546939}"
EndProject
Project("{9A19103F-16F7-4668-BE54-9A1E7A4F7556}") = "Skork.Window.UI.Tests", "Tests\Skork.Window.UI.Tests\Skork.Window.UI.Tests.csproj", "{4B715E3B-806C-4C04-9B50-57BCCE44701D}"
EndProject
Global
	GlobalSection(SolutionConfigurationPlatforms) = preSolution
		Debug|Any CPU = Debug|Any CPU
		Release|Any CPU = Release|Any CPU
		SkorkCD|Any CPU = SkorkCD|Any CPU
		SkorkCI|Any CPU = SkorkCI|Any CPU
	EndGlobalSection
	GlobalSection(ProjectConfigurationPlatforms) = postSolution
		{F8DC1020-B6B1-4F06-A157-332B43C2847D}.Debug|Any CPU.ActiveCfg = Debug|Any CPU
		{F8DC1020-B6B1-4F06-A157-332B43C2847D}.Debug|Any CPU.Build.0 = Debug|Any CPU
		{F8DC1020-B6B1-4F06-A157-332B43C2847D}.Release|Any CPU.ActiveCfg = Release|Any CPU
		{F8DC1020-B6B1-4F06-A157-332B43C2847D}.Release|Any CPU.Build.0 = Release|Any CPU
		{F8DC1020-B6B1-4F06-A157-332B43C2847D}.SkorkCD|Any CPU.ActiveCfg = SkorkCD|Any CPU
		{F8DC1020-B6B1-4F06-A157-332B43C2847D}.SkorkCI|Any CPU.ActiveCfg = SkorkCI|Any CPU
		{F8DC1020-B6B1-4F06-A157-332B43C2847D}.SkorkCI|Any CPU.Build.0 = SkorkCI|Any CPU
		{DEB7D995-A6A4-453A-A5F0-36A46F423682}.Debug|Any CPU.ActiveCfg = Debug|Any CPU
		{DEB7D995-A6A4-453A-A5F0-36A46F423682}.Debug|Any CPU.Build.0 = Debug|Any CPU
		{DEB7D995-A6A4-453A-A5F0-36A46F423682}.Release|Any CPU.ActiveCfg = Release|Any CPU
		{DEB7D995-A6A4-453A-A5F0-36A46F423682}.Release|Any CPU.Build.0 = Release|Any CPU
		{DEB7D995-A6A4-453A-A5F0-36A46F423682}.SkorkCD|Any CPU.ActiveCfg = SkorkCD|Any CPU
		{DEB7D995-A6A4-453A-A5F0-36A46F423682}.SkorkCI|Any CPU.ActiveCfg = SkorkCI|Any CPU
		{DEB7D995-A6A4-453A-A5F0-36A46F423682}.SkorkCI|Any CPU.Build.0 = SkorkCI|Any CPU
		{676A6CCC-B5F6-4A66-B7C1-427085CB1FE4}.Debug|Any CPU.ActiveCfg = Debug|Any CPU
		{676A6CCC-B5F6-4A66-B7C1-427085CB1FE4}.Debug|Any CPU.Build.0 = Debug|Any CPU
		{676A6CCC-B5F6-4A66-B7C1-427085CB1FE4}.Release|Any CPU.ActiveCfg = Release|Any CPU
		{676A6CCC-B5F6-4A66-B7C1-427085CB1FE4}.Release|Any CPU.Build.0 = Release|Any CPU
		{676A6CCC-B5F6-4A66-B7C1-427085CB1FE4}.SkorkCD|Any CPU.ActiveCfg = SkorkCD|Any CPU
		{676A6CCC-B5F6-4A66-B7C1-427085CB1FE4}.SkorkCI|Any CPU.ActiveCfg = SkorkCI|Any CPU
		{676A6CCC-B5F6-4A66-B7C1-427085CB1FE4}.SkorkCI|Any CPU.Build.0 = SkorkCI|Any CPU
		{B946BAF5-9683-46D4-9D06-AEA98A36EB9C}.Debug|Any CPU.ActiveCfg = Debug|Any CPU
		{B946BAF5-9683-46D4-9D06-AEA98A36EB9C}.Debug|Any CPU.Build.0 = Debug|Any CPU
		{B946BAF5-9683-46D4-9D06-AEA98A36EB9C}.Release|Any CPU.ActiveCfg = Release|Any CPU
		{B946BAF5-9683-46D4-9D06-AEA98A36EB9C}.Release|Any CPU.Build.0 = Release|Any CPU
		{B946BAF5-9683-46D4-9D06-AEA98A36EB9C}.SkorkCD|Any CPU.ActiveCfg = SkorkCD|Any CPU
		{B946BAF5-9683-46D4-9D06-AEA98A36EB9C}.SkorkCI|Any CPU.ActiveCfg = SkorkCI|Any CPU
		{B946BAF5-9683-46D4-9D06-AEA98A36EB9C}.SkorkCI|Any CPU.Build.0 = SkorkCI|Any CPU
		{2FE052BA-2CF9-4BDD-A404-6AA181DE003B}.Debug|Any CPU.ActiveCfg = Debug|Any CPU
		{2FE052BA-2CF9-4BDD-A404-6AA181DE003B}.Debug|Any CPU.Build.0 = Debug|Any CPU
		{2FE052BA-2CF9-4BDD-A404-6AA181DE003B}.Release|Any CPU.ActiveCfg = Release|Any CPU
		{2FE052BA-2CF9-4BDD-A404-6AA181DE003B}.Release|Any CPU.Build.0 = Release|Any CPU
		{2FE052BA-2CF9-4BDD-A404-6AA181DE003B}.SkorkCD|Any CPU.ActiveCfg = SkorkCD|Any CPU
		{2FE052BA-2CF9-4BDD-A404-6AA181DE003B}.SkorkCI|Any CPU.ActiveCfg = SkorkCI|Any CPU
		{2FE052BA-2CF9-4BDD-A404-6AA181DE003B}.SkorkCI|Any CPU.Build.0 = SkorkCI|Any CPU
		{2C6C6EB2-87DF-423B-9113-0FAFBBEC8553}.Debug|Any CPU.ActiveCfg = Debug|Any CPU
		{2C6C6EB2-87DF-423B-9113-0FAFBBEC8553}.Debug|Any CPU.Build.0 = Debug|Any CPU
		{2C6C6EB2-87DF-423B-9113-0FAFBBEC8553}.Release|Any CPU.ActiveCfg = Release|Any CPU
		{2C6C6EB2-87DF-423B-9113-0FAFBBEC8553}.Release|Any CPU.Build.0 = Release|Any CPU
		{2C6C6EB2-87DF-423B-9113-0FAFBBEC8553}.SkorkCD|Any CPU.ActiveCfg = SkorkCD|Any CPU
		{2C6C6EB2-87DF-423B-9113-0FAFBBEC8553}.SkorkCI|Any CPU.ActiveCfg = SkorkCI|Any CPU
		{2C6C6EB2-87DF-423B-9113-0FAFBBEC8553}.SkorkCI|Any CPU.Build.0 = SkorkCI|Any CPU
		{68D78F35-CB68-40AA-9A01-35CFAF5734B0}.Debug|Any CPU.ActiveCfg = Debug|Any CPU
		{68D78F35-CB68-40AA-9A01-35CFAF5734B0}.Debug|Any CPU.Build.0 = Debug|Any CPU
		{68D78F35-CB68-40AA-9A01-35CFAF5734B0}.Release|Any CPU.ActiveCfg = Release|Any CPU
		{68D78F35-CB68-40AA-9A01-35CFAF5734B0}.Release|Any CPU.Build.0 = Release|Any CPU
		{68D78F35-CB68-40AA-9A01-35CFAF5734B0}.SkorkCD|Any CPU.ActiveCfg = SkorkCD|Any CPU
		{68D78F35-CB68-40AA-9A01-35CFAF5734B0}.SkorkCI|Any CPU.ActiveCfg = SkorkCI|Any CPU
		{68D78F35-CB68-40AA-9A01-35CFAF5734B0}.SkorkCI|Any CPU.Build.0 = SkorkCI|Any CPU
		{703BADB8-EA92-4031-90F0-553E8352CB27}.Debug|Any CPU.ActiveCfg = Debug|Any CPU
		{703BADB8-EA92-4031-90F0-553E8352CB27}.Debug|Any CPU.Build.0 = Debug|Any CPU
		{703BADB8-EA92-4031-90F0-553E8352CB27}.Release|Any CPU.ActiveCfg = Release|Any CPU
		{703BADB8-EA92-4031-90F0-553E8352CB27}.Release|Any CPU.Build.0 = Release|Any CPU
		{703BADB8-EA92-4031-90F0-553E8352CB27}.SkorkCD|Any CPU.ActiveCfg = SkorkCD|Any CPU
		{703BADB8-EA92-4031-90F0-553E8352CB27}.SkorkCI|Any CPU.ActiveCfg = SkorkCI|Any CPU
		{703BADB8-EA92-4031-90F0-553E8352CB27}.SkorkCI|Any CPU.Build.0 = SkorkCI|Any CPU
		{3A81A729-E67C-444B-8277-2B46CC4835CC}.Debug|Any CPU.ActiveCfg = Debug|Any CPU
		{3A81A729-E67C-444B-8277-2B46CC4835CC}.Debug|Any CPU.Build.0 = Debug|Any CPU
		{3A81A729-E67C-444B-8277-2B46CC4835CC}.Release|Any CPU.ActiveCfg = Release|Any CPU
		{3A81A729-E67C-444B-8277-2B46CC4835CC}.Release|Any CPU.Build.0 = Release|Any CPU
		{3A81A729-E67C-444B-8277-2B46CC4835CC}.SkorkCD|Any CPU.ActiveCfg = SkorkCD|Any CPU
		{3A81A729-E67C-444B-8277-2B46CC4835CC}.SkorkCI|Any CPU.ActiveCfg = SkorkCI|Any CPU
		{3A81A729-E67C-444B-8277-2B46CC4835CC}.SkorkCI|Any CPU.Build.0 = SkorkCI|Any CPU
		{49877F79-230C-4F27-9ED4-7A749BA0350F}.Debug|Any CPU.ActiveCfg = Debug|Any CPU
		{49877F79-230C-4F27-9ED4-7A749BA0350F}.Debug|Any CPU.Build.0 = Debug|Any CPU
		{49877F79-230C-4F27-9ED4-7A749BA0350F}.Release|Any CPU.ActiveCfg = Release|Any CPU
		{49877F79-230C-4F27-9ED4-7A749BA0350F}.Release|Any CPU.Build.0 = Release|Any CPU
		{49877F79-230C-4F27-9ED4-7A749BA0350F}.SkorkCD|Any CPU.ActiveCfg = SkorkCD|Any CPU
		{49877F79-230C-4F27-9ED4-7A749BA0350F}.SkorkCI|Any CPU.ActiveCfg = SkorkCI|Any CPU
		{49877F79-230C-4F27-9ED4-7A749BA0350F}.SkorkCI|Any CPU.Build.0 = SkorkCI|Any CPU
		{B86686C6-E3DE-4A8B-880B-D31322546939}.Debug|Any CPU.ActiveCfg = Debug|Any CPU
		{B86686C6-E3DE-4A8B-880B-D31322546939}.Debug|Any CPU.Build.0 = Debug|Any CPU
		{B86686C6-E3DE-4A8B-880B-D31322546939}.Release|Any CPU.ActiveCfg = Release|Any CPU
		{B86686C6-E3DE-4A8B-880B-D31322546939}.Release|Any CPU.Build.0 = Release|Any CPU
		{B86686C6-E3DE-4A8B-880B-D31322546939}.SkorkCD|Any CPU.ActiveCfg = SkorkCD|Any CPU
		{B86686C6-E3DE-4A8B-880B-D31322546939}.SkorkCI|Any CPU.ActiveCfg = SkorkCI|Any CPU
		{B86686C6-E3DE-4A8B-880B-D31322546939}.SkorkCI|Any CPU.Build.0 = SkorkCI|Any CPU
		{4B715E3B-806C-4C04-9B50-57BCCE44701D}.Debug|Any CPU.ActiveCfg = Debug|Any CPU
		{4B715E3B-806C-4C04-9B50-57BCCE44701D}.Debug|Any CPU.Build.0 = Debug|Any CPU
		{4B715E3B-806C-4C04-9B50-57BCCE44701D}.Release|Any CPU.ActiveCfg = Release|Any CPU
		{4B715E3B-806C-4C04-9B50-57BCCE44701D}.Release|Any CPU.Build.0 = Release|Any CPU
		{4B715E3B-806C-4C04-9B50-57BCCE44701D}.SkorkCD|Any CPU.ActiveCfg = SkorkCD|Any CPU
		{4B715E3B-806C-4C04-9B50-57BCCE44701D}.SkorkCI|Any CPU.ActiveCfg = SkorkCI|Any CPU
		{4B715E3B-806C-4C04-9B50-57BCCE44701D}.SkorkCI|Any CPU.Build.0 = SkorkCI|Any CPU
	EndGlobalSection
	GlobalSection(SolutionProperties) = preSolution
		HideSolutionNode = FALSE
	EndGlobalSection
	GlobalSection(ExtensibilityGlobals) = postSolution
		SolutionGuid = {462AE260-BBD0-47C5-A73C-D277DD45E763}
	EndGlobalSection
EndGlobal
